
Microsoft Visual Studio Solution File, Format Version 12.00
# Visual Studio Version 17
VisualStudioVersion = 17.13.35818.85 d17.13
MinimumVisualStudioVersion = 10.0.40219.1
Project("{FAE04EC0-301F-11D3-BF4B-00C04F79EFBC}") = "Task1", "Task1\Task1.csproj", "{3CAB26E1-3051-4ABD-AE62-89CDE94C4C99}"
EndProject
Project("{FAE04EC0-301F-11D3-BF4B-00C04F79EFBC}") = "Task2", "Task2\Task2.csproj", "{0118626B-A6F5-443C-8E4C-D7A22EC06186}"
EndProject
Global
	GlobalSection(SolutionConfigurationPlatforms) = preSolution
		Debug|Any CPU = Debug|Any CPU
		Release|Any CPU = Release|Any CPU
	EndGlobalSection
	GlobalSection(ProjectConfigurationPlatforms) = postSolution
		{3CAB26E1-3051-4ABD-AE62-89CDE94C4C99}.Debug|Any CPU.ActiveCfg = Debug|Any CPU
		{3CAB26E1-3051-4ABD-AE62-89CDE94C4C99}.Debug|Any CPU.Build.0 = Debug|Any CPU
		{3CAB26E1-3051-4ABD-AE62-89CDE94C4C99}.Release|Any CPU.ActiveCfg = Release|Any CPU
		{3CAB26E1-3051-4ABD-AE62-89CDE94C4C99}.Release|Any CPU.Build.0 = Release|Any CPU
		{0118626B-A6F5-443C-8E4C-D7A22EC06186}.Debug|Any CPU.ActiveCfg = Debug|Any CPU
		{0118626B-A6F5-443C-8E4C-D7A22EC06186}.Debug|Any CPU.Build.0 = Debug|Any CPU
		{0118626B-A6F5-443C-8E4C-D7A22EC06186}.Release|Any CPU.ActiveCfg = Release|Any CPU
		{0118626B-A6F5-443C-8E4C-D7A22EC06186}.Release|Any CPU.Build.0 = Release|Any CPU
	EndGlobalSection
	GlobalSection(SolutionProperties) = preSolution
		HideSolutionNode = FALSE
	EndGlobalSection
	GlobalSection(ExtensibilityGlobals) = postSolution
		SolutionGuid = {C56F553A-35D1-41D4-9503-C3345178F240}
	EndGlobalSection
EndGlobal
